
Microsoft Visual Studio Solution File, Format Version 12.00
# Visual Studio Version 16
VisualStudioVersion = 16.0.30413.136
MinimumVisualStudioVersion = 10.0.40219.1
Project("{9A19103F-16F7-4668-BE54-9A1E7A4F7556}") = "SortingNetworks", "SortingNetworks\SortingNetworks.csproj", "{CD4ED2A8-F634-479E-AD94-24A6B9BC2F11}"
EndProject
Project("{9A19103F-16F7-4668-BE54-9A1E7A4F7556}") = "SortingNetworksTests", "SortingNetworksTests\SortingNetworksTests.csproj", "{573976E3-BE2F-498B-B312-801D2877B59C}"
EndProject
Project("{2150E333-8FDC-42A3-9474-1A3956D46DE8}") = "Solution Items", "Solution Items", "{D7B2FED8-F7D8-45CB-A7C3-4184FDBA4F68}"
	ProjectSection(SolutionItems) = preProject
		.gitignore = .gitignore
	EndProjectSection
EndProject
Project("{9A19103F-16F7-4668-BE54-9A1E7A4F7556}") = "Benchmarks", "Benchmarks\Benchmarks.csproj", "{6768563E-DC6E-4535-80A3-9071C670A920}"
EndProject
Global
	GlobalSection(SolutionConfigurationPlatforms) = preSolution
		Debug|Any CPU = Debug|Any CPU
		Release|Any CPU = Release|Any CPU
	EndGlobalSection
	GlobalSection(ProjectConfigurationPlatforms) = postSolution
		{CD4ED2A8-F634-479E-AD94-24A6B9BC2F11}.Debug|Any CPU.ActiveCfg = Debug|Any CPU
		{CD4ED2A8-F634-479E-AD94-24A6B9BC2F11}.Debug|Any CPU.Build.0 = Debug|Any CPU
		{CD4ED2A8-F634-479E-AD94-24A6B9BC2F11}.Release|Any CPU.ActiveCfg = Release|Any CPU
		{CD4ED2A8-F634-479E-AD94-24A6B9BC2F11}.Release|Any CPU.Build.0 = Release|Any CPU
		{573976E3-BE2F-498B-B312-801D2877B59C}.Debug|Any CPU.ActiveCfg = Debug|Any CPU
		{573976E3-BE2F-498B-B312-801D2877B59C}.Debug|Any CPU.Build.0 = Debug|Any CPU
		{573976E3-BE2F-498B-B312-801D2877B59C}.Release|Any CPU.ActiveCfg = Release|Any CPU
		{6768563E-DC6E-4535-80A3-9071C670A920}.Debug|Any CPU.ActiveCfg = Debug|Any CPU
		{6768563E-DC6E-4535-80A3-9071C670A920}.Debug|Any CPU.Build.0 = Debug|Any CPU
		{6768563E-DC6E-4535-80A3-9071C670A920}.Release|Any CPU.ActiveCfg = Release|Any CPU
		{6768563E-DC6E-4535-80A3-9071C670A920}.Release|Any CPU.Build.0 = Release|Any CPU
	EndGlobalSection
	GlobalSection(SolutionProperties) = preSolution
		HideSolutionNode = FALSE
	EndGlobalSection
	GlobalSection(ExtensibilityGlobals) = postSolution
		SolutionGuid = {F3BC9127-31B4-43D0-923E-41E88C9FBF15}
	EndGlobalSection
EndGlobal
